
Microsoft Visual Studio Solution File, Format Version 12.00
# Visual Studio 2013
VisualStudioVersion = 12.0.21005.1
MinimumVisualStudioVersion = 10.0.40219.1
Project("{8BC9CEB8-8B4A-11D0-8D11-00A0C91BC942}") = "1412363_Hook", "1412363_Hook\1412363_Hook.vcxproj", "{82F38E35-D2A7-4332-8A77-C5CE8FEDB573}"
EndProject
Project("{8BC9CEB8-8B4A-11D0-8D11-00A0C91BC942}") = "1412363_LogClipboard", "1412363_LogClipboard\1412363_LogClipboard.vcxproj", "{6146B28F-3267-44D9-AEFB-3B7666348977}"
EndProject
Global
	GlobalSection(SolutionConfigurationPlatforms) = preSolution
		Debug|Win32 = Debug|Win32
		Release|Win32 = Release|Win32
	EndGlobalSection
	GlobalSection(ProjectConfigurationPlatforms) = postSolution
		{82F38E35-D2A7-4332-8A77-C5CE8FEDB573}.Debug|Win32.ActiveCfg = Debug|Win32
		{82F38E35-D2A7-4332-8A77-C5CE8FEDB573}.Debug|Win32.Build.0 = Debug|Win32
		{82F38E35-D2A7-4332-8A77-C5CE8FEDB573}.Release|Win32.ActiveCfg = Release|Win32
		{82F38E35-D2A7-4332-8A77-C5CE8FEDB573}.Release|Win32.Build.0 = Release|Win32
		{6146B28F-3267-44D9-AEFB-3B7666348977}.Debug|Win32.ActiveCfg = Debug|Win32
		{6146B28F-3267-44D9-AEFB-3B7666348977}.Debug|Win32.Build.0 = Debug|Win32
		{6146B28F-3267-44D9-AEFB-3B7666348977}.Release|Win32.ActiveCfg = Release|Win32
		{6146B28F-3267-44D9-AEFB-3B7666348977}.Release|Win32.Build.0 = Release|Win32
	EndGlobalSection
	GlobalSection(SolutionProperties) = preSolution
		HideSolutionNode = FALSE
	EndGlobalSection
EndGlobal
